// !$*UTF8*$!
{
	archiveVersion = 1;
	classes = {
	};
	objectVersion = 50;
	objects = {

/* Begin PBXBuildFile section */
		CB3BCAB52567749F005F2D17 /* EventsViewController.swift in Sources */ = {isa = PBXBuildFile; fileRef = CB3BCAB42567749F005F2D17 /* EventsViewController.swift */; };
		CB3BCAB92567766C005F2D17 /* EventTableViewCell.swift in Sources */ = {isa = PBXBuildFile; fileRef = CB3BCAB72567766C005F2D17 /* EventTableViewCell.swift */; };
		CB3BCABA2567766C005F2D17 /* EventTableViewCell.xib in Resources */ = {isa = PBXBuildFile; fileRef = CB3BCAB82567766C005F2D17 /* EventTableViewCell.xib */; };
		CB6D933C258066710006E7DA /* QuestionTableViewCell.swift in Sources */ = {isa = PBXBuildFile; fileRef = CB6D933A258066710006E7DA /* QuestionTableViewCell.swift */; };
		CB6D933D258066710006E7DA /* QuestionTableViewCell.xib in Resources */ = {isa = PBXBuildFile; fileRef = CB6D933B258066710006E7DA /* QuestionTableViewCell.xib */; };
		CBC9159625806DA50028684D /* Question.swift in Sources */ = {isa = PBXBuildFile; fileRef = CBC9159525806DA50028684D /* Question.swift */; };
		CBC9159925806EE20028684D /* ContactViewController.swift in Sources */ = {isa = PBXBuildFile; fileRef = CBC9159825806EE20028684D /* ContactViewController.swift */; };
		CBCFF888253686C100BB60C1 /* AppDelegate.swift in Sources */ = {isa = PBXBuildFile; fileRef = CBCFF887253686C100BB60C1 /* AppDelegate.swift */; };
		CBCFF88A253686C100BB60C1 /* SceneDelegate.swift in Sources */ = {isa = PBXBuildFile; fileRef = CBCFF889253686C100BB60C1 /* SceneDelegate.swift */; };
		CBCFF88C253686C100BB60C1 /* LogInViewController.swift in Sources */ = {isa = PBXBuildFile; fileRef = CBCFF88B253686C100BB60C1 /* LogInViewController.swift */; };
		CBCFF88F253686C100BB60C1 /* Main.storyboard in Resources */ = {isa = PBXBuildFile; fileRef = CBCFF88D253686C100BB60C1 /* Main.storyboard */; };
		CBCFF891253686C300BB60C1 /* Assets.xcassets in Resources */ = {isa = PBXBuildFile; fileRef = CBCFF890253686C300BB60C1 /* Assets.xcassets */; };
		CBCFF894253686C300BB60C1 /* LaunchScreen.storyboard in Resources */ = {isa = PBXBuildFile; fileRef = CBCFF892253686C300BB60C1 /* LaunchScreen.storyboard */; };
/* End PBXBuildFile section */

/* Begin PBXFileReference section */
		CB3BCAB42567749F005F2D17 /* EventsViewController.swift */ = {isa = PBXFileReference; lastKnownFileType = sourcecode.swift; path = EventsViewController.swift; sourceTree = "<group>"; };
		CB3BCAB72567766C005F2D17 /* EventTableViewCell.swift */ = {isa = PBXFileReference; lastKnownFileType = sourcecode.swift; path = EventTableViewCell.swift; sourceTree = "<group>"; };
		CB3BCAB82567766C005F2D17 /* EventTableViewCell.xib */ = {isa = PBXFileReference; lastKnownFileType = file.xib; path = EventTableViewCell.xib; sourceTree = "<group>"; };
		CB6D933A258066710006E7DA /* QuestionTableViewCell.swift */ = {isa = PBXFileReference; lastKnownFileType = sourcecode.swift; path = QuestionTableViewCell.swift; sourceTree = "<group>"; };
		CB6D933B258066710006E7DA /* QuestionTableViewCell.xib */ = {isa = PBXFileReference; lastKnownFileType = file.xib; path = QuestionTableViewCell.xib; sourceTree = "<group>"; };
		CBC9159525806DA50028684D /* Question.swift */ = {isa = PBXFileReference; lastKnownFileType = sourcecode.swift; path = Question.swift; sourceTree = "<group>"; };
		CBC9159825806EE20028684D /* ContactViewController.swift */ = {isa = PBXFileReference; lastKnownFileType = sourcecode.swift; path = ContactViewController.swift; sourceTree = "<group>"; };
		CBCFF884253686C100BB60C1 /* DA App.app */ = {isa = PBXFileReference; explicitFileType = wrapper.application; includeInIndex = 0; path = "DA App.app"; sourceTree = BUILT_PRODUCTS_DIR; };
		CBCFF887253686C100BB60C1 /* AppDelegate.swift */ = {isa = PBXFileReference; lastKnownFileType = sourcecode.swift; path = AppDelegate.swift; sourceTree = "<group>"; };
		CBCFF889253686C100BB60C1 /* SceneDelegate.swift */ = {isa = PBXFileReference; lastKnownFileType = sourcecode.swift; path = SceneDelegate.swift; sourceTree = "<group>"; };
		CBCFF88B253686C100BB60C1 /* LogInViewController.swift */ = {isa = PBXFileReference; lastKnownFileType = sourcecode.swift; path = LogInViewController.swift; sourceTree = "<group>"; };
		CBCFF88E253686C100BB60C1 /* Base */ = {isa = PBXFileReference; lastKnownFileType = file.storyboard; name = Base; path = Base.lproj/Main.storyboard; sourceTree = "<group>"; };
		CBCFF890253686C300BB60C1 /* Assets.xcassets */ = {isa = PBXFileReference; lastKnownFileType = folder.assetcatalog; path = Assets.xcassets; sourceTree = "<group>"; };
		CBCFF893253686C300BB60C1 /* Base */ = {isa = PBXFileReference; lastKnownFileType = file.storyboard; name = Base; path = Base.lproj/LaunchScreen.storyboard; sourceTree = "<group>"; };
		CBCFF895253686C300BB60C1 /* Info.plist */ = {isa = PBXFileReference; lastKnownFileType = text.plist.xml; path = Info.plist; sourceTree = "<group>"; };
/* End PBXFileReference section */

/* Begin PBXFrameworksBuildPhase section */
		CBCFF881253686C100BB60C1 /* Frameworks */ = {
			isa = PBXFrameworksBuildPhase;
			buildActionMask = 2147483647;
			files = (
			);
			runOnlyForDeploymentPostprocessing = 0;
		};
/* End PBXFrameworksBuildPhase section */

/* Begin PBXGroup section */
		CB6D933325805DB80006E7DA /* Model */ = {
			isa = PBXGroup;
			children = (
				CBC9159525806DA50028684D /* Question.swift */,
			);
			path = Model;
			sourceTree = "<group>";
		};
		CB6D933425805DEC0006E7DA /* Controller */ = {
			isa = PBXGroup;
			children = (
				CBCFF88B253686C100BB60C1 /* LogInViewController.swift */,
				CB3BCAB42567749F005F2D17 /* EventsViewController.swift */,
				CBC9159825806EE20028684D /* ContactViewController.swift */,
			);
			path = Controller;
			sourceTree = "<group>";
		};
		CB6D933525805E880006E7DA /* View */ = {
			isa = PBXGroup;
			children = (
				CB6D933625805F4C0006E7DA /* Storyboards */,
				CB6D933725805FB00006E7DA /* EventTableViewCell */,
				CB6D93392580655D0006E7DA /* QuestionTableViewCell */,
			);
			path = View;
			sourceTree = "<group>";
		};
		CB6D933625805F4C0006E7DA /* Storyboards */ = {
			isa = PBXGroup;
			children = (
				CBCFF88D253686C100BB60C1 /* Main.storyboard */,
				CBCFF892253686C300BB60C1 /* LaunchScreen.storyboard */,
			);
			path = Storyboards;
			sourceTree = "<group>";
		};
		CB6D933725805FB00006E7DA /* EventTableViewCell */ = {
			isa = PBXGroup;
			children = (
				CB3BCAB72567766C005F2D17 /* EventTableViewCell.swift */,
				CB3BCAB82567766C005F2D17 /* EventTableViewCell.xib */,
			);
			path = EventTableViewCell;
			sourceTree = "<group>";
		};
		CB6D93392580655D0006E7DA /* QuestionTableViewCell */ = {
			isa = PBXGroup;
			children = (
				CB6D933A258066710006E7DA /* QuestionTableViewCell.swift */,
				CB6D933B258066710006E7DA /* QuestionTableViewCell.xib */,
			);
			path = QuestionTableViewCell;
			sourceTree = "<group>";
		};
		CBCFF87B253686C100BB60C1 = {
			isa = PBXGroup;
			children = (
				CBCFF886253686C100BB60C1 /* DA App */,
				CBCFF885253686C100BB60C1 /* Products */,
			);
			sourceTree = "<group>";
		};
		CBCFF885253686C100BB60C1 /* Products */ = {
			isa = PBXGroup;
			children = (
				CBCFF884253686C100BB60C1 /* DA App.app */,
			);
			name = Products;
			sourceTree = "<group>";
		};
		CBCFF886253686C100BB60C1 /* DA App */ = {
			isa = PBXGroup;
			children = (
				CBCFF887253686C100BB60C1 /* AppDelegate.swift */,
				CBCFF889253686C100BB60C1 /* SceneDelegate.swift */,
				CB6D933325805DB80006E7DA /* Model */,
				CB6D933525805E880006E7DA /* View */,
				CB6D933425805DEC0006E7DA /* Controller */,
				CBCFF890253686C300BB60C1 /* Assets.xcassets */,
				CBCFF895253686C300BB60C1 /* Info.plist */,
			);
			path = "DA App";
			sourceTree = "<group>";
		};
/* End PBXGroup section */

/* Begin PBXNativeTarget section */
		CBCFF883253686C100BB60C1 /* DA App */ = {
			isa = PBXNativeTarget;
			buildConfigurationList = CBCFF898253686C300BB60C1 /* Build configuration list for PBXNativeTarget "DA App" */;
			buildPhases = (
				CBCFF880253686C100BB60C1 /* Sources */,
				CBCFF881253686C100BB60C1 /* Frameworks */,
				CBCFF882253686C100BB60C1 /* Resources */,
			);
			buildRules = (
			);
			dependencies = (
			);
			name = "DA App";
			productName = "DA App";
			productReference = CBCFF884253686C100BB60C1 /* DA App.app */;
			productType = "com.apple.product-type.application";
		};
/* End PBXNativeTarget section */

/* Begin PBXProject section */
		CBCFF87C253686C100BB60C1 /* Project object */ = {
			isa = PBXProject;
			attributes = {
				LastSwiftUpdateCheck = 1200;
				LastUpgradeCheck = 1200;
				TargetAttributes = {
					CBCFF883253686C100BB60C1 = {
						CreatedOnToolsVersion = 12.0.1;
					};
				};
			};
			buildConfigurationList = CBCFF87F253686C100BB60C1 /* Build configuration list for PBXProject "DA App" */;
			compatibilityVersion = "Xcode 9.3";
			developmentRegion = en;
			hasScannedForEncodings = 0;
			knownRegions = (
				en,
				Base,
			);
			mainGroup = CBCFF87B253686C100BB60C1;
			productRefGroup = CBCFF885253686C100BB60C1 /* Products */;
			projectDirPath = "";
			projectRoot = "";
			targets = (
				CBCFF883253686C100BB60C1 /* DA App */,
			);
		};
/* End PBXProject section */

/* Begin PBXResourcesBuildPhase section */
		CBCFF882253686C100BB60C1 /* Resources */ = {
			isa = PBXResourcesBuildPhase;
			buildActionMask = 2147483647;
			files = (
				CB3BCABA2567766C005F2D17 /* EventTableViewCell.xib in Resources */,
				CBCFF894253686C300BB60C1 /* LaunchScreen.storyboard in Resources */,
				CBCFF891253686C300BB60C1 /* Assets.xcassets in Resources */,
				CB6D933D258066710006E7DA /* QuestionTableViewCell.xib in Resources */,
				CBCFF88F253686C100BB60C1 /* Main.storyboard in Resources */,
			);
			runOnlyForDeploymentPostprocessing = 0;
		};
/* End PBXResourcesBuildPhase section */

/* Begin PBXSourcesBuildPhase section */
		CBCFF880253686C100BB60C1 /* Sources */ = {
			isa = PBXSourcesBuildPhase;
			buildActionMask = 2147483647;
			files = (
				CBCFF88C253686C100BB60C1 /* LogInViewController.swift in Sources */,
				CBC9159925806EE20028684D /* ContactViewController.swift in Sources */,
				CB3BCAB52567749F005F2D17 /* EventsViewController.swift in Sources */,
				CBCFF888253686C100BB60C1 /* AppDelegate.swift in Sources */,
				CB6D933C258066710006E7DA /* QuestionTableViewCell.swift in Sources */,
				CB3BCAB92567766C005F2D17 /* EventTableViewCell.swift in Sources */,
				CBC9159625806DA50028684D /* Question.swift in Sources */,
				CBCFF88A253686C100BB60C1 /* SceneDelegate.swift in Sources */,
			);
			runOnlyForDeploymentPostprocessing = 0;
		};
/* End PBXSourcesBuildPhase section */

/* Begin PBXVariantGroup section */
		CBCFF88D253686C100BB60C1 /* Main.storyboard */ = {
			isa = PBXVariantGroup;
			children = (
				CBCFF88E253686C100BB60C1 /* Base */,
			);
			name = Main.storyboard;
			sourceTree = "<group>";
		};
		CBCFF892253686C300BB60C1 /* LaunchScreen.storyboard */ = {
			isa = PBXVariantGroup;
			children = (
				CBCFF893253686C300BB60C1 /* Base */,
			);
			name = LaunchScreen.storyboard;
			sourceTree = "<group>";
		};
/* End PBXVariantGroup section */

/* Begin XCBuildConfiguration section */
		CBCFF896253686C300BB60C1 /* Debug */ = {
			isa = XCBuildConfiguration;
			buildSettings = {
				ALWAYS_SEARCH_USER_PATHS = NO;
				CLANG_ANALYZER_NONNULL = YES;
				CLANG_ANALYZER_NUMBER_OBJECT_CONVERSION = YES_AGGRESSIVE;
				CLANG_CXX_LANGUAGE_STANDARD = "gnu++14";
				CLANG_CXX_LIBRARY = "libc++";
				CLANG_ENABLE_MODULES = YES;
				CLANG_ENABLE_OBJC_ARC = YES;
				CLANG_ENABLE_OBJC_WEAK = YES;
				CLANG_WARN_BLOCK_CAPTURE_AUTORELEASING = YES;
				CLANG_WARN_BOOL_CONVERSION = YES;
				CLANG_WARN_COMMA = YES;
				CLANG_WARN_CONSTANT_CONVERSION = YES;
				CLANG_WARN_DEPRECATED_OBJC_IMPLEMENTATIONS = YES;
				CLANG_WARN_DIRECT_OBJC_ISA_USAGE = YES_ERROR;
				CLANG_WARN_DOCUMENTATION_COMMENTS = YES;
				CLANG_WARN_EMPTY_BODY = YES;
				CLANG_WARN_ENUM_CONVERSION = YES;
				CLANG_WARN_INFINITE_RECURSION = YES;
				CLANG_WARN_INT_CONVERSION = YES;
				CLANG_WARN_NON_LITERAL_NULL_CONVERSION = YES;
				CLANG_WARN_OBJC_IMPLICIT_RETAIN_SELF = YES;
				CLANG_WARN_OBJC_LITERAL_CONVERSION = YES;
				CLANG_WARN_OBJC_ROOT_CLASS = YES_ERROR;
				CLANG_WARN_QUOTED_INCLUDE_IN_FRAMEWORK_HEADER = YES;
				CLANG_WARN_RANGE_LOOP_ANALYSIS = YES;
				CLANG_WARN_STRICT_PROTOTYPES = YES;
				CLANG_WARN_SUSPICIOUS_MOVE = YES;
				CLANG_WARN_UNGUARDED_AVAILABILITY = YES_AGGRESSIVE;
				CLANG_WARN_UNREACHABLE_CODE = YES;
				CLANG_WARN__DUPLICATE_METHOD_MATCH = YES;
				COPY_PHASE_STRIP = NO;
				DEBUG_INFORMATION_FORMAT = dwarf;
				ENABLE_STRICT_OBJC_MSGSEND = YES;
				ENABLE_TESTABILITY = YES;
				GCC_C_LANGUAGE_STANDARD = gnu11;
				GCC_DYNAMIC_NO_PIC = NO;
				GCC_NO_COMMON_BLOCKS = YES;
				GCC_OPTIMIZATION_LEVEL = 0;
				GCC_PREPROCESSOR_DEFINITIONS = (
					"DEBUG=1",
					"$(inherited)",
				);
				GCC_WARN_64_TO_32_BIT_CONVERSION = YES;
				GCC_WARN_ABOUT_RETURN_TYPE = YES_ERROR;
				GCC_WARN_UNDECLARED_SELECTOR = YES;
				GCC_WARN_UNINITIALIZED_AUTOS = YES_AGGRESSIVE;
				GCC_WARN_UNUSED_FUNCTION = YES;
				GCC_WARN_UNUSED_VARIABLE = YES;
				IPHONEOS_DEPLOYMENT_TARGET = 14.0;
				MTL_ENABLE_DEBUG_INFO = INCLUDE_SOURCE;
				MTL_FAST_MATH = YES;
				ONLY_ACTIVE_ARCH = YES;
				SDKROOT = iphoneos;
				SWIFT_ACTIVE_COMPILATION_CONDITIONS = DEBUG;
				SWIFT_OPTIMIZATION_LEVEL = "-Onone";
			};
			name = Debug;
		};
		CBCFF897253686C300BB60C1 /* Release */ = {
			isa = XCBuildConfiguration;
			buildSettings = {
				ALWAYS_SEARCH_USER_PATHS = NO;
				CLANG_ANALYZER_NONNULL = YES;
				CLANG_ANALYZER_NUMBER_OBJECT_CONVERSION = YES_AGGRESSIVE;
				CLANG_CXX_LANGUAGE_STANDARD = "gnu++14";
				CLANG_CXX_LIBRARY = "libc++";
				CLANG_ENABLE_MODULES = YES;
				CLANG_ENABLE_OBJC_ARC = YES;
				CLANG_ENABLE_OBJC_WEAK = YES;
				CLANG_WARN_BLOCK_CAPTURE_AUTORELEASING = YES;
				CLANG_WARN_BOOL_CONVERSION = YES;
				CLANG_WARN_COMMA = YES;
				CLANG_WARN_CONSTANT_CONVERSION = YES;
				CLANG_WARN_DEPRECATED_OBJC_IMPLEMENTATIONS = YES;
				CLANG_WARN_DIRECT_OBJC_ISA_USAGE = YES_ERROR;
				CLANG_WARN_DOCUMENTATION_COMMENTS = YES;
				CLANG_WARN_EMPTY_BODY = YES;
				CLANG_WARN_ENUM_CONVERSION = YES;
				CLANG_WARN_INFINITE_RECURSION = YES;
				CLANG_WARN_INT_CONVERSION = YES;
				CLANG_WARN_NON_LITERAL_NULL_CONVERSION = YES;
				CLANG_WARN_OBJC_IMPLICIT_RETAIN_SELF = YES;
				CLANG_WARN_OBJC_LITERAL_CONVERSION = YES;
				CLANG_WARN_OBJC_ROOT_CLASS = YES_ERROR;
				CLANG_WARN_QUOTED_INCLUDE_IN_FRAMEWORK_HEADER = YES;
				CLANG_WARN_RANGE_LOOP_ANALYSIS = YES;
				CLANG_WARN_STRICT_PROTOTYPES = YES;
				CLANG_WARN_SUSPICIOUS_MOVE = YES;
				CLANG_WARN_UNGUARDED_AVAILABILITY = YES_AGGRESSIVE;
				CLANG_WARN_UNREACHABLE_CODE = YES;
				CLANG_WARN__DUPLICATE_METHOD_MATCH = YES;
				COPY_PHASE_STRIP = NO;
				DEBUG_INFORMATION_FORMAT = "dwarf-with-dsym";
				ENABLE_NS_ASSERTIONS = NO;
				ENABLE_STRICT_OBJC_MSGSEND = YES;
				GCC_C_LANGUAGE_STANDARD = gnu11;
				GCC_NO_COMMON_BLOCKS = YES;
				GCC_WARN_64_TO_32_BIT_CONVERSION = YES;
				GCC_WARN_ABOUT_RETURN_TYPE = YES_ERROR;
				GCC_WARN_UNDECLARED_SELECTOR = YES;
				GCC_WARN_UNINITIALIZED_AUTOS = YES_AGGRESSIVE;
				GCC_WARN_UNUSED_FUNCTION = YES;
				GCC_WARN_UNUSED_VARIABLE = YES;
				IPHONEOS_DEPLOYMENT_TARGET = 14.0;
				MTL_ENABLE_DEBUG_INFO = NO;
				MTL_FAST_MATH = YES;
				SDKROOT = iphoneos;
				SWIFT_COMPILATION_MODE = wholemodule;
				SWIFT_OPTIMIZATION_LEVEL = "-O";
				VALIDATE_PRODUCT = YES;
			};
			name = Release;
		};
		CBCFF899253686C300BB60C1 /* Debug */ = {
			isa = XCBuildConfiguration;
			buildSettings = {
				ASSETCATALOG_COMPILER_APPICON_NAME = AppIcon;
				ASSETCATALOG_COMPILER_GLOBAL_ACCENT_COLOR_NAME = AccentColor;
				CODE_SIGN_STYLE = Automatic;
				INFOPLIST_FILE = "DA App/Info.plist";
				LD_RUNPATH_SEARCH_PATHS = (
					"$(inherited)",
					"@executable_path/Frameworks",
				);
				PRODUCT_BUNDLE_IDENTIFIER = "com.GuillermoColin.DA-App";
				PRODUCT_NAME = "$(TARGET_NAME)";
				SWIFT_VERSION = 5.0;
				TARGETED_DEVICE_FAMILY = "1,2";
			};
			name = Debug;
		};
		CBCFF89A253686C300BB60C1 /* Release */ = {
			isa = XCBuildConfiguration;
			buildSettings = {
				ASSETCATALOG_COMPILER_APPICON_NAME = AppIcon;
				ASSETCATALOG_COMPILER_GLOBAL_ACCENT_COLOR_NAME = AccentColor;
				CODE_SIGN_STYLE = Automatic;
				INFOPLIST_FILE = "DA App/Info.plist";
				LD_RUNPATH_SEARCH_PATHS = (
					"$(inherited)",
					"@executable_path/Frameworks",
				);
				PRODUCT_BUNDLE_IDENTIFIER = "com.GuillermoColin.DA-App";
				PRODUCT_NAME = "$(TARGET_NAME)";
				SWIFT_VERSION = 5.0;
				TARGETED_DEVICE_FAMILY = "1,2";
			};
			name = Release;
		};
/* End XCBuildConfiguration section */

/* Begin XCConfigurationList section */
		CBCFF87F253686C100BB60C1 /* Build configuration list for PBXProject "DA App" */ = {
			isa = XCConfigurationList;
			buildConfigurations = (
				CBCFF896253686C300BB60C1 /* Debug */,
				CBCFF897253686C300BB60C1 /* Release */,
			);
			defaultConfigurationIsVisible = 0;
			defaultConfigurationName = Release;
		};
		CBCFF898253686C300BB60C1 /* Build configuration list for PBXNativeTarget "DA App" */ = {
			isa = XCConfigurationList;
			buildConfigurations = (
				CBCFF899253686C300BB60C1 /* Debug */,
				CBCFF89A253686C300BB60C1 /* Release */,
			);
			defaultConfigurationIsVisible = 0;
			defaultConfigurationName = Release;
		};
/* End XCConfigurationList section */
	};
	rootObject = CBCFF87C253686C100BB60C1 /* Project object */;
}
